
Microsoft Visual Studio Solution File, Format Version 12.00
# Visual Studio Version 16
VisualStudioVersion = 16.0.31911.196
MinimumVisualStudioVersion = 10.0.40219.1
Project("{FAE04EC0-301F-11D3-BF4B-00C04F79EFBC}") = "RoboCopyErrorTesting", "RoboCopyUnitTest\RoboCopyErrorTesting.csproj", "{2418AA0B-A031-40A8-839F-B7C5B40DAB01}"
EndProject
Global
	GlobalSection(SolutionConfigurationPlatforms) = preSolution
		Debug|Any CPU = Debug|Any CPU
		Release|Any CPU = Release|Any CPU
	EndGlobalSection
	GlobalSection(ProjectConfigurationPlatforms) = postSolution
		{2418AA0B-A031-40A8-839F-B7C5B40DAB01}.Debug|Any CPU.ActiveCfg = Debug|Any CPU
		{2418AA0B-A031-40A8-839F-B7C5B40DAB01}.Debug|Any CPU.Build.0 = Debug|Any CPU
		{2418AA0B-A031-40A8-839F-B7C5B40DAB01}.Release|Any CPU.ActiveCfg = Release|Any CPU
		{2418AA0B-A031-40A8-839F-B7C5B40DAB01}.Release|Any CPU.Build.0 = Release|Any CPU
	EndGlobalSection
	GlobalSection(SolutionProperties) = preSolution
		HideSolutionNode = FALSE
	EndGlobalSection
	GlobalSection(ExtensibilityGlobals) = postSolution
		SolutionGuid = {593EEE40-9377-43CD-A11D-17B4B78FB233}
	EndGlobalSection
EndGlobal
